{
  "name": "tree-sitter-clojure-def",
  "version": "0.0.1",
  "lockfileVersion": 1,
  "requires": true,
  "dependencies": {
    "nan": {
      "version": "2.14.2",
      "resolved": "https://registry.npmjs.org/nan/-/nan-2.14.2.tgz",
      "integrity": "sha512-M2ufzIiINKCuDfBSAUr1vWQ+vuVcA9kqx8JJUsbQi6yf1uGRyb7HfpdfUr5qLXf3B/t8dPvcjhKMmlfnP47EzQ=="
    },
    "tree-sitter-cli": {
      "version": "0.19.5",
      "resolved": "https://registry.npmjs.org/tree-sitter-cli/-/tree-sitter-cli-0.19.5.tgz",
      "integrity": "sha512-kRzKrUAwpDN9AjA3b0tPBwT1hd8N2oQvvvHup2OEsX6mdsSMLmAvR+NSqK9fe05JrRbVvG8mbteNUQsxlMQohQ==",
      "dev": true
    },
    "tree-sitter-clojure": {
      "version": "git+https://github.com/sogaiu/tree-sitter-clojure.git#c00293fb0cd5ce3a7005c0601e9b546c1ea73094",
      "from": "git+https://github.com/sogaiu/tree-sitter-clojure.git#c00293fb0cd5ce3a7005c0601e9b546c1ea73094",
      "requires": {
        "nan": "2.14.2",
        "web-tree-sitter": "0.19.1"
      }
    },
    "web-tree-sitter": {
      "version": "0.19.1",
      "resolved": "https://registry.npmjs.org/web-tree-sitter/-/web-tree-sitter-0.19.1.tgz",
      "integrity": "sha512-Wlveh+zdegmNdK733B18pf+NmliKs2t5+Aid8IOFIBV2MqJmnYVo3AdukbdZJ+iIxzBnIreYFKfcFFCWVEf4AA=="
    }
  }
}
